
Microsoft Visual Studio Solution File, Format Version 12.00
# Visual Studio Version 17
VisualStudioVersion = 17.9.34622.214
MinimumVisualStudioVersion = 10.0.40219.1
Project("{2150E333-8FDC-42A3-9474-1A3956D46DE8}") = "ApiGateway", "ApiGateway", "{7701E140-5809-454C-9AD6-D37C5EA85FC8}"
EndProject
Project("{2150E333-8FDC-42A3-9474-1A3956D46DE8}") = "Services", "Services", "{0E60371F-0BB3-42AE-9791-87D2C22F9783}"
EndProject
Project("{2150E333-8FDC-42A3-9474-1A3956D46DE8}") = "Postland", "Postland", "{E0B26F4B-7792-46D6-A4DC-0853D8F67B12}"
EndProject
Project("{2150E333-8FDC-42A3-9474-1A3956D46DE8}") = "Api", "Api", "{2668FA3D-AA4C-4667-AA35-1DADB9354A78}"
EndProject
Project("{2150E333-8FDC-42A3-9474-1A3956D46DE8}") = "Core", "Core", "{C3DE5C4A-A889-40F3-AE85-E6887E9D8D4C}"
EndProject
Project("{2150E333-8FDC-42A3-9474-1A3956D46DE8}") = "Infrastructure", "Infrastructure", "{4C836869-091D-471A-963A-0EBBAA9BFF52}"
EndProject
Project("{2150E333-8FDC-42A3-9474-1A3956D46DE8}") = "UI", "UI", "{18A1F56F-9F19-4F4E-B306-5B34E88D7B62}"
EndProject
Project("{FAE04EC0-301F-11D3-BF4B-00C04F79EFBC}") = "Postland.API", "Services\Postland\Api\Postland.API\Postland.API.csproj", "{A0BED71E-FA10-4D15-9EAE-98E84B46DC3C}"
EndProject
Project("{FAE04EC0-301F-11D3-BF4B-00C04F79EFBC}") = "Postland.Application", "Services\Postland\Core\Postland.Application\Postland.Application.csproj", "{38C6348C-ECD3-4A4B-8D38-4DE72EC6D81C}"
EndProject
Project("{FAE04EC0-301F-11D3-BF4B-00C04F79EFBC}") = "Postland.Domain", "Services\Postland\Core\Postland.Domain\Postland.Domain.csproj", "{31EDB1EA-C1E7-41EC-8F2D-A2372388385C}"
EndProject
Project("{FAE04EC0-301F-11D3-BF4B-00C04F79EFBC}") = "Postland.Persistence", "Services\Postland\Infrastructure\Postland.Persistence\Postland.Persistence.csproj", "{06FB5EE2-6FD6-4DD2-BFB8-F37882FE8584}"
EndProject
Project("{FAE04EC0-301F-11D3-BF4B-00C04F79EFBC}") = "Services-APIGateway", "ApiGateway\Services-APIGateway\Services-APIGateway.csproj", "{8D01EE8B-474D-41CF-B94B-E8D227AD9530}"
EndProject
Global
	GlobalSection(SolutionConfigurationPlatforms) = preSolution
		Debug|Any CPU = Debug|Any CPU
		Release|Any CPU = Release|Any CPU
	EndGlobalSection
	GlobalSection(ProjectConfigurationPlatforms) = postSolution
		{A0BED71E-FA10-4D15-9EAE-98E84B46DC3C}.Debug|Any CPU.ActiveCfg = Debug|Any CPU
		{A0BED71E-FA10-4D15-9EAE-98E84B46DC3C}.Debug|Any CPU.Build.0 = Debug|Any CPU
		{A0BED71E-FA10-4D15-9EAE-98E84B46DC3C}.Release|Any CPU.ActiveCfg = Release|Any CPU
		{A0BED71E-FA10-4D15-9EAE-98E84B46DC3C}.Release|Any CPU.Build.0 = Release|Any CPU
		{38C6348C-ECD3-4A4B-8D38-4DE72EC6D81C}.Debug|Any CPU.ActiveCfg = Debug|Any CPU
		{38C6348C-ECD3-4A4B-8D38-4DE72EC6D81C}.Debug|Any CPU.Build.0 = Debug|Any CPU
		{38C6348C-ECD3-4A4B-8D38-4DE72EC6D81C}.Release|Any CPU.ActiveCfg = Release|Any CPU
		{38C6348C-ECD3-4A4B-8D38-4DE72EC6D81C}.Release|Any CPU.Build.0 = Release|Any CPU
		{31EDB1EA-C1E7-41EC-8F2D-A2372388385C}.Debug|Any CPU.ActiveCfg = Debug|Any CPU
		{31EDB1EA-C1E7-41EC-8F2D-A2372388385C}.Debug|Any CPU.Build.0 = Debug|Any CPU
		{31EDB1EA-C1E7-41EC-8F2D-A2372388385C}.Release|Any CPU.ActiveCfg = Release|Any CPU
		{31EDB1EA-C1E7-41EC-8F2D-A2372388385C}.Release|Any CPU.Build.0 = Release|Any CPU
		{06FB5EE2-6FD6-4DD2-BFB8-F37882FE8584}.Debug|Any CPU.ActiveCfg = Debug|Any CPU
		{06FB5EE2-6FD6-4DD2-BFB8-F37882FE8584}.Debug|Any CPU.Build.0 = Debug|Any CPU
		{06FB5EE2-6FD6-4DD2-BFB8-F37882FE8584}.Release|Any CPU.ActiveCfg = Release|Any CPU
		{06FB5EE2-6FD6-4DD2-BFB8-F37882FE8584}.Release|Any CPU.Build.0 = Release|Any CPU
		{8D01EE8B-474D-41CF-B94B-E8D227AD9530}.Debug|Any CPU.ActiveCfg = Debug|Any CPU
		{8D01EE8B-474D-41CF-B94B-E8D227AD9530}.Debug|Any CPU.Build.0 = Debug|Any CPU
		{8D01EE8B-474D-41CF-B94B-E8D227AD9530}.Release|Any CPU.ActiveCfg = Release|Any CPU
		{8D01EE8B-474D-41CF-B94B-E8D227AD9530}.Release|Any CPU.Build.0 = Release|Any CPU
	EndGlobalSection
	GlobalSection(SolutionProperties) = preSolution
		HideSolutionNode = FALSE
	EndGlobalSection
	GlobalSection(NestedProjects) = preSolution
		{E0B26F4B-7792-46D6-A4DC-0853D8F67B12} = {0E60371F-0BB3-42AE-9791-87D2C22F9783}
		{2668FA3D-AA4C-4667-AA35-1DADB9354A78} = {E0B26F4B-7792-46D6-A4DC-0853D8F67B12}
		{C3DE5C4A-A889-40F3-AE85-E6887E9D8D4C} = {E0B26F4B-7792-46D6-A4DC-0853D8F67B12}
		{4C836869-091D-471A-963A-0EBBAA9BFF52} = {E0B26F4B-7792-46D6-A4DC-0853D8F67B12}
		{18A1F56F-9F19-4F4E-B306-5B34E88D7B62} = {E0B26F4B-7792-46D6-A4DC-0853D8F67B12}
		{A0BED71E-FA10-4D15-9EAE-98E84B46DC3C} = {2668FA3D-AA4C-4667-AA35-1DADB9354A78}
		{38C6348C-ECD3-4A4B-8D38-4DE72EC6D81C} = {C3DE5C4A-A889-40F3-AE85-E6887E9D8D4C}
		{31EDB1EA-C1E7-41EC-8F2D-A2372388385C} = {C3DE5C4A-A889-40F3-AE85-E6887E9D8D4C}
		{06FB5EE2-6FD6-4DD2-BFB8-F37882FE8584} = {4C836869-091D-471A-963A-0EBBAA9BFF52}
		{8D01EE8B-474D-41CF-B94B-E8D227AD9530} = {7701E140-5809-454C-9AD6-D37C5EA85FC8}
	EndGlobalSection
	GlobalSection(ExtensibilityGlobals) = postSolution
		SolutionGuid = {F73A170D-4A3F-4DE7-8E89-5C32D7EAEA44}
	EndGlobalSection
EndGlobal
